
Microsoft Visual Studio Solution File, Format Version 12.00
# Visual Studio Version 16
VisualStudioVersion = 16.0.30804.86
MinimumVisualStudioVersion = 10.0.40219.1
Project("{FAE04EC0-301F-11D3-BF4B-00C04F79EFBC}") = "Project_TrainingBase_Lukoyanov", "Project_TrainingBase_Lukoyanov\Project_TrainingBase_Lukoyanov.csproj", "{2CFE5358-2A69-4FA1-B165-F12A6AE3D062}"
EndProject
Global
	GlobalSection(SolutionConfigurationPlatforms) = preSolution
		Debug|Any CPU = Debug|Any CPU
		Release|Any CPU = Release|Any CPU
	EndGlobalSection
	GlobalSection(ProjectConfigurationPlatforms) = postSolution
		{2CFE5358-2A69-4FA1-B165-F12A6AE3D062}.Debug|Any CPU.ActiveCfg = Debug|Any CPU
		{2CFE5358-2A69-4FA1-B165-F12A6AE3D062}.Debug|Any CPU.Build.0 = Debug|Any CPU
		{2CFE5358-2A69-4FA1-B165-F12A6AE3D062}.Release|Any CPU.ActiveCfg = Release|Any CPU
		{2CFE5358-2A69-4FA1-B165-F12A6AE3D062}.Release|Any CPU.Build.0 = Release|Any CPU
	EndGlobalSection
	GlobalSection(SolutionProperties) = preSolution
		HideSolutionNode = FALSE
	EndGlobalSection
	GlobalSection(ExtensibilityGlobals) = postSolution
		SolutionGuid = {35DFC36B-1598-4D48-BFE2-7F11880A2E80}
	EndGlobalSection
EndGlobal
